
Microsoft Visual Studio Solution File, Format Version 12.00
# Visual Studio Version 16
VisualStudioVersion = 16.0.31729.503
MinimumVisualStudioVersion = 10.0.40219.1
Project("{FAE04EC0-301F-11D3-BF4B-00C04F79EFBC}") = "WebApi", "WebApi.csproj", "{D5FBCC2B-7585-4DFA-AC54-D4349F29D28F}"
EndProject
Global
	GlobalSection(SolutionConfigurationPlatforms) = preSolution
		Debug|Any CPU = Debug|Any CPU
		Release|Any CPU = Release|Any CPU
	EndGlobalSection
	GlobalSection(ProjectConfigurationPlatforms) = postSolution
		{D5FBCC2B-7585-4DFA-AC54-D4349F29D28F}.Debug|Any CPU.ActiveCfg = Debug|Any CPU
		{D5FBCC2B-7585-4DFA-AC54-D4349F29D28F}.Debug|Any CPU.Build.0 = Debug|Any CPU
		{D5FBCC2B-7585-4DFA-AC54-D4349F29D28F}.Release|Any CPU.ActiveCfg = Release|Any CPU
		{D5FBCC2B-7585-4DFA-AC54-D4349F29D28F}.Release|Any CPU.Build.0 = Release|Any CPU
	EndGlobalSection
	GlobalSection(SolutionProperties) = preSolution
		HideSolutionNode = FALSE
	EndGlobalSection
	GlobalSection(ExtensibilityGlobals) = postSolution
		SolutionGuid = {70162218-5FE7-44F0-BEE5-BA94B2DA6DF4}
	EndGlobalSection
EndGlobal
